
Microsoft Visual Studio Solution File, Format Version 12.00
# Visual Studio Version 17
VisualStudioVersion = 17.5.33516.290
MinimumVisualStudioVersion = 10.0.40219.1
Project("{FAE04EC0-301F-11D3-BF4B-00C04F79EFBC}") = "estructuras_repetitivas", "estructuras_repetitivas\estructuras_repetitivas.csproj", "{ECAF2E00-75EB-4412-B6BA-C8F47207AAB5}"
EndProject
Global
	GlobalSection(SolutionConfigurationPlatforms) = preSolution
		Debug|Any CPU = Debug|Any CPU
		Release|Any CPU = Release|Any CPU
	EndGlobalSection
	GlobalSection(ProjectConfigurationPlatforms) = postSolution
		{ECAF2E00-75EB-4412-B6BA-C8F47207AAB5}.Debug|Any CPU.ActiveCfg = Debug|Any CPU
		{ECAF2E00-75EB-4412-B6BA-C8F47207AAB5}.Debug|Any CPU.Build.0 = Debug|Any CPU
		{ECAF2E00-75EB-4412-B6BA-C8F47207AAB5}.Release|Any CPU.ActiveCfg = Release|Any CPU
		{ECAF2E00-75EB-4412-B6BA-C8F47207AAB5}.Release|Any CPU.Build.0 = Release|Any CPU
	EndGlobalSection
	GlobalSection(SolutionProperties) = preSolution
		HideSolutionNode = FALSE
	EndGlobalSection
	GlobalSection(ExtensibilityGlobals) = postSolution
		SolutionGuid = {6C1E3F29-977E-436A-8B3D-E221874B343B}
	EndGlobalSection
EndGlobal
